
Microsoft Visual Studio Solution File, Format Version 12.00
# Visual Studio Version 16
VisualStudioVersion = 16.0.31624.102
MinimumVisualStudioVersion = 10.0.40219.1
Project("{FAE04EC0-301F-11D3-BF4B-00C04F79EFBC}") = "Screenshot", "Screenshot.csproj", "{38B15FC5-1EA1-45E6-A219-9D5DFE95AFF0}"
EndProject
Project("{FAE04EC0-301F-11D3-BF4B-00C04F79EFBC}") = "WpfApp1", "..\WpfApp1\WpfApp1.csproj", "{723463EE-4334-4C59-AA65-E7234FA472E3}"
EndProject
Global
	GlobalSection(SolutionConfigurationPlatforms) = preSolution
		Debug|Any CPU = Debug|Any CPU
		Release|Any CPU = Release|Any CPU
	EndGlobalSection
	GlobalSection(ProjectConfigurationPlatforms) = postSolution
		{38B15FC5-1EA1-45E6-A219-9D5DFE95AFF0}.Debug|Any CPU.ActiveCfg = Debug|Any CPU
		{38B15FC5-1EA1-45E6-A219-9D5DFE95AFF0}.Debug|Any CPU.Build.0 = Debug|Any CPU
		{38B15FC5-1EA1-45E6-A219-9D5DFE95AFF0}.Release|Any CPU.ActiveCfg = Release|Any CPU
		{38B15FC5-1EA1-45E6-A219-9D5DFE95AFF0}.Release|Any CPU.Build.0 = Release|Any CPU
		{723463EE-4334-4C59-AA65-E7234FA472E3}.Debug|Any CPU.ActiveCfg = Debug|Any CPU
		{723463EE-4334-4C59-AA65-E7234FA472E3}.Debug|Any CPU.Build.0 = Debug|Any CPU
		{723463EE-4334-4C59-AA65-E7234FA472E3}.Release|Any CPU.ActiveCfg = Release|Any CPU
		{723463EE-4334-4C59-AA65-E7234FA472E3}.Release|Any CPU.Build.0 = Release|Any CPU
	EndGlobalSection
	GlobalSection(SolutionProperties) = preSolution
		HideSolutionNode = FALSE
	EndGlobalSection
	GlobalSection(ExtensibilityGlobals) = postSolution
		SolutionGuid = {48226A8B-37FA-4906-A25E-CF1281BE9628}
	EndGlobalSection
EndGlobal
